
Microsoft Visual Studio Solution File, Format Version 12.00
# Visual Studio 15
Project("{FAE04EC0-301F-11D3-BF4B-00C04F79EFBC}") = "GridViewer", "GridViewer.csproj", "{518C7EBA-5300-4F76-A398-4FCA8E418FAB}"
EndProject
Global
	GlobalSection(SolutionConfigurationPlatforms) = preSolution
		Debug|Any CPU = Debug|Any CPU
		Release|Any CPU = Release|Any CPU
	EndGlobalSection
	GlobalSection(ProjectConfigurationPlatforms) = postSolution
		{518C7EBA-5300-4F76-A398-4FCA8E418FAB}.Debug|Any CPU.ActiveCfg = Debug|Any CPU
		{518C7EBA-5300-4F76-A398-4FCA8E418FAB}.Debug|Any CPU.Build.0 = Debug|Any CPU
		{518C7EBA-5300-4F76-A398-4FCA8E418FAB}.Release|Any CPU.ActiveCfg = Release|Any CPU
		{518C7EBA-5300-4F76-A398-4FCA8E418FAB}.Release|Any CPU.Build.0 = Release|Any CPU
	EndGlobalSection
EndGlobal
